
Microsoft Visual Studio Solution File, Format Version 12.00
# Visual Studio Version 16
VisualStudioVersion = 16.0.31112.23
MinimumVisualStudioVersion = 10.0.40219.1
Project("{FAE04EC0-301F-11D3-BF4B-00C04F79EFBC}") = "PT_LAB2", "PT_LAB2.csproj", "{2EF1344E-345F-491C-9B2B-08EE7DBAB101}"
EndProject
Global
	GlobalSection(SolutionConfigurationPlatforms) = preSolution
		Debug|Any CPU = Debug|Any CPU
		Release|Any CPU = Release|Any CPU
	EndGlobalSection
	GlobalSection(ProjectConfigurationPlatforms) = postSolution
		{2EF1344E-345F-491C-9B2B-08EE7DBAB101}.Debug|Any CPU.ActiveCfg = Debug|Any CPU
		{2EF1344E-345F-491C-9B2B-08EE7DBAB101}.Debug|Any CPU.Build.0 = Debug|Any CPU
		{2EF1344E-345F-491C-9B2B-08EE7DBAB101}.Release|Any CPU.ActiveCfg = Release|Any CPU
		{2EF1344E-345F-491C-9B2B-08EE7DBAB101}.Release|Any CPU.Build.0 = Release|Any CPU
	EndGlobalSection
	GlobalSection(SolutionProperties) = preSolution
		HideSolutionNode = FALSE
	EndGlobalSection
	GlobalSection(ExtensibilityGlobals) = postSolution
		SolutionGuid = {D7F4B346-A617-4D09-8CB7-58B99913E7BD}
	EndGlobalSection
EndGlobal
